# This file is automatically @generated by Cargo.
# It is not intended for manual editing.
version = 4

[[package]]
name = "auditor-core"
version = "0.1.0"
dependencies = [
 "auditor-detectors",
 "auditor-parser",
 "auditor-reporter",
]

[[package]]
name = "auditor-detectors"
version = "0.1.0"
dependencies = [
 "auditor-parser",
]

[[package]]
name = "auditor-parser"
version = "0.1.0"

[[package]]
name = "auditor-reporter"
version = "0.1.0"
dependencies = [
 "auditor-detectors",
]
